
Microsoft Visual Studio Solution File, Format Version 12.00
# Visual Studio Version 16
VisualStudioVersion = 16.0.30225.117
MinimumVisualStudioVersion = 10.0.40219.1
Project("{FAE04EC0-301F-11D3-BF4B-00C04F79EFBC}") = "RealEstates.ConsoleApplication", "..\RealEstates.ConsoleApplication\RealEstates.ConsoleApplication.csproj", "{8ECBEB97-6A62-468C-82B0-2176D132E998}"
EndProject
Project("{FAE04EC0-301F-11D3-BF4B-00C04F79EFBC}") = "RealEstates.Importer", "..\RealEstates.Importer\RealEstates.Importer.csproj", "{20A7746B-ACC1-4F32-BFEF-3E7EB1B81B49}"
EndProject
Project("{FAE04EC0-301F-11D3-BF4B-00C04F79EFBC}") = "RealEstates.Services", "..\RealEstates.Services\RealEstates.Services.csproj", "{1198CB58-1947-401F-B430-4CEEC93554E7}"
EndProject
Project("{FAE04EC0-301F-11D3-BF4B-00C04F79EFBC}") = "RealEstates.Data", "..\RealEstates.Data\RealEstates.Data.csproj", "{C33FEA17-0D21-4798-A14C-407E0F14639B}"
EndProject
Project("{FAE04EC0-301F-11D3-BF4B-00C04F79EFBC}") = "RealEstates.Models", "..\RealEstates.Models\RealEstates.Models.csproj", "{BF98AB4C-688D-4793-831C-4F2A27CE3EBF}"
EndProject
Global
	GlobalSection(SolutionConfigurationPlatforms) = preSolution
		Debug|Any CPU = Debug|Any CPU
		Release|Any CPU = Release|Any CPU
	EndGlobalSection
	GlobalSection(ProjectConfigurationPlatforms) = postSolution
		{8ECBEB97-6A62-468C-82B0-2176D132E998}.Debug|Any CPU.ActiveCfg = Debug|Any CPU
		{8ECBEB97-6A62-468C-82B0-2176D132E998}.Debug|Any CPU.Build.0 = Debug|Any CPU
		{8ECBEB97-6A62-468C-82B0-2176D132E998}.Release|Any CPU.ActiveCfg = Release|Any CPU
		{8ECBEB97-6A62-468C-82B0-2176D132E998}.Release|Any CPU.Build.0 = Release|Any CPU
		{20A7746B-ACC1-4F32-BFEF-3E7EB1B81B49}.Debug|Any CPU.ActiveCfg = Debug|Any CPU
		{20A7746B-ACC1-4F32-BFEF-3E7EB1B81B49}.Debug|Any CPU.Build.0 = Debug|Any CPU
		{20A7746B-ACC1-4F32-BFEF-3E7EB1B81B49}.Release|Any CPU.ActiveCfg = Release|Any CPU
		{20A7746B-ACC1-4F32-BFEF-3E7EB1B81B49}.Release|Any CPU.Build.0 = Release|Any CPU
		{1198CB58-1947-401F-B430-4CEEC93554E7}.Debug|Any CPU.ActiveCfg = Debug|Any CPU
		{1198CB58-1947-401F-B430-4CEEC93554E7}.Debug|Any CPU.Build.0 = Debug|Any CPU
		{1198CB58-1947-401F-B430-4CEEC93554E7}.Release|Any CPU.ActiveCfg = Release|Any CPU
		{1198CB58-1947-401F-B430-4CEEC93554E7}.Release|Any CPU.Build.0 = Release|Any CPU
		{C33FEA17-0D21-4798-A14C-407E0F14639B}.Debug|Any CPU.ActiveCfg = Debug|Any CPU
		{C33FEA17-0D21-4798-A14C-407E0F14639B}.Debug|Any CPU.Build.0 = Debug|Any CPU
		{C33FEA17-0D21-4798-A14C-407E0F14639B}.Release|Any CPU.ActiveCfg = Release|Any CPU
		{C33FEA17-0D21-4798-A14C-407E0F14639B}.Release|Any CPU.Build.0 = Release|Any CPU
		{BF98AB4C-688D-4793-831C-4F2A27CE3EBF}.Debug|Any CPU.ActiveCfg = Debug|Any CPU
		{BF98AB4C-688D-4793-831C-4F2A27CE3EBF}.Debug|Any CPU.Build.0 = Debug|Any CPU
		{BF98AB4C-688D-4793-831C-4F2A27CE3EBF}.Release|Any CPU.ActiveCfg = Release|Any CPU
		{BF98AB4C-688D-4793-831C-4F2A27CE3EBF}.Release|Any CPU.Build.0 = Release|Any CPU
	EndGlobalSection
	GlobalSection(SolutionProperties) = preSolution
		HideSolutionNode = FALSE
	EndGlobalSection
	GlobalSection(ExtensibilityGlobals) = postSolution
		SolutionGuid = {B0DD7B1A-2B9C-4EE1-B585-9C84813DC9E9}
	EndGlobalSection
EndGlobal
