
Microsoft Visual Studio Solution File, Format Version 12.00
# Visual Studio Version 16
VisualStudioVersion = 16.0.28922.388
MinimumVisualStudioVersion = 10.0.40219.1
Project("{FAE04EC0-301F-11D3-BF4B-00C04F79EFBC}") = "Easter shopping", "Easter shopping\Easter shopping.csproj", "{86D848B4-22A8-445E-B97B-8A2F6EE69898}"
EndProject
Global
	GlobalSection(SolutionConfigurationPlatforms) = preSolution
		Debug|Any CPU = Debug|Any CPU
		Release|Any CPU = Release|Any CPU
	EndGlobalSection
	GlobalSection(ProjectConfigurationPlatforms) = postSolution
		{86D848B4-22A8-445E-B97B-8A2F6EE69898}.Debug|Any CPU.ActiveCfg = Debug|Any CPU
		{86D848B4-22A8-445E-B97B-8A2F6EE69898}.Debug|Any CPU.Build.0 = Debug|Any CPU
		{86D848B4-22A8-445E-B97B-8A2F6EE69898}.Release|Any CPU.ActiveCfg = Release|Any CPU
		{86D848B4-22A8-445E-B97B-8A2F6EE69898}.Release|Any CPU.Build.0 = Release|Any CPU
	EndGlobalSection
	GlobalSection(SolutionProperties) = preSolution
		HideSolutionNode = FALSE
	EndGlobalSection
	GlobalSection(ExtensibilityGlobals) = postSolution
		SolutionGuid = {1F776102-F12B-4159-A5F8-A2E15C4990D0}
	EndGlobalSection
EndGlobal
