
Microsoft Visual Studio Solution File, Format Version 12.00
# Visual Studio Version 16
VisualStudioVersion = 16.0.29411.108
MinimumVisualStudioVersion = 10.0.40219.1
Project("{FAE04EC0-301F-11D3-BF4B-00C04F79EFBC}") = "05-Generic-Count-Method-String", "05-Generic-Count-Method-String.csproj", "{3AE1AAF0-6C5E-455A-AF39-4973F2148ED9}"
EndProject
Global
	GlobalSection(SolutionConfigurationPlatforms) = preSolution
		Debug|Any CPU = Debug|Any CPU
		Release|Any CPU = Release|Any CPU
	EndGlobalSection
	GlobalSection(ProjectConfigurationPlatforms) = postSolution
		{3AE1AAF0-6C5E-455A-AF39-4973F2148ED9}.Debug|Any CPU.ActiveCfg = Debug|Any CPU
		{3AE1AAF0-6C5E-455A-AF39-4973F2148ED9}.Debug|Any CPU.Build.0 = Debug|Any CPU
		{3AE1AAF0-6C5E-455A-AF39-4973F2148ED9}.Release|Any CPU.ActiveCfg = Release|Any CPU
		{3AE1AAF0-6C5E-455A-AF39-4973F2148ED9}.Release|Any CPU.Build.0 = Release|Any CPU
	EndGlobalSection
	GlobalSection(SolutionProperties) = preSolution
		HideSolutionNode = FALSE
	EndGlobalSection
	GlobalSection(ExtensibilityGlobals) = postSolution
		SolutionGuid = {4C62F164-2411-4A73-ADEF-82CDE90D365C}
	EndGlobalSection
EndGlobal
