
Microsoft Visual Studio Solution File, Format Version 12.00
# Visual Studio Version 16
VisualStudioVersion = 16.0.29418.71
MinimumVisualStudioVersion = 10.0.40219.1
Project("{FAE04EC0-301F-11D3-BF4B-00C04F79EFBC}") = "MilitaryElite", "MilitaryElite\MilitaryElite.csproj", "{87E01C62-ECEA-4C54-8C59-717A3383DB39}"
EndProject
Global
	GlobalSection(SolutionConfigurationPlatforms) = preSolution
		Debug|Any CPU = Debug|Any CPU
		Release|Any CPU = Release|Any CPU
	EndGlobalSection
	GlobalSection(ProjectConfigurationPlatforms) = postSolution
		{87E01C62-ECEA-4C54-8C59-717A3383DB39}.Debug|Any CPU.ActiveCfg = Debug|Any CPU
		{87E01C62-ECEA-4C54-8C59-717A3383DB39}.Debug|Any CPU.Build.0 = Debug|Any CPU
		{87E01C62-ECEA-4C54-8C59-717A3383DB39}.Release|Any CPU.ActiveCfg = Release|Any CPU
		{87E01C62-ECEA-4C54-8C59-717A3383DB39}.Release|Any CPU.Build.0 = Release|Any CPU
	EndGlobalSection
	GlobalSection(SolutionProperties) = preSolution
		HideSolutionNode = FALSE
	EndGlobalSection
	GlobalSection(ExtensibilityGlobals) = postSolution
		SolutionGuid = {22ED7713-D8F4-428A-9A1E-CE7D02F2BB4D}
	EndGlobalSection
EndGlobal
