
Microsoft Visual Studio Solution File, Format Version 12.00
# Visual Studio Version 16
VisualStudioVersion = 16.0.29411.108
MinimumVisualStudioVersion = 10.0.40219.1
Project("{FAE04EC0-301F-11D3-BF4B-00C04F79EFBC}") = "04-Gen-Swap-Method-Int", "04-Gen-Swap-Method-Int.csproj", "{09F2BBCC-FAFC-4D8B-B050-D941EDE1AB0D}"
EndProject
Global
	GlobalSection(SolutionConfigurationPlatforms) = preSolution
		Debug|Any CPU = Debug|Any CPU
		Release|Any CPU = Release|Any CPU
	EndGlobalSection
	GlobalSection(ProjectConfigurationPlatforms) = postSolution
		{09F2BBCC-FAFC-4D8B-B050-D941EDE1AB0D}.Debug|Any CPU.ActiveCfg = Debug|Any CPU
		{09F2BBCC-FAFC-4D8B-B050-D941EDE1AB0D}.Debug|Any CPU.Build.0 = Debug|Any CPU
		{09F2BBCC-FAFC-4D8B-B050-D941EDE1AB0D}.Release|Any CPU.ActiveCfg = Release|Any CPU
		{09F2BBCC-FAFC-4D8B-B050-D941EDE1AB0D}.Release|Any CPU.Build.0 = Release|Any CPU
	EndGlobalSection
	GlobalSection(SolutionProperties) = preSolution
		HideSolutionNode = FALSE
	EndGlobalSection
	GlobalSection(ExtensibilityGlobals) = postSolution
		SolutionGuid = {B604AEF5-DA58-415A-8DA9-299B79DD9FC8}
	EndGlobalSection
EndGlobal
