
Microsoft Visual Studio Solution File, Format Version 12.00
# Visual Studio Version 16
VisualStudioVersion = 16.0.28922.388
MinimumVisualStudioVersion = 10.0.40219.1
Project("{FAE04EC0-301F-11D3-BF4B-00C04F79EFBC}") = "Maximum and Minimum Elements", "Maximum and Minimum Elements\Maximum and Minimum Elements.csproj", "{C23B803F-7BD1-4865-BC6F-B6C6D17C82A3}"
EndProject
Global
	GlobalSection(SolutionConfigurationPlatforms) = preSolution
		Debug|Any CPU = Debug|Any CPU
		Release|Any CPU = Release|Any CPU
	EndGlobalSection
	GlobalSection(ProjectConfigurationPlatforms) = postSolution
		{C23B803F-7BD1-4865-BC6F-B6C6D17C82A3}.Debug|Any CPU.ActiveCfg = Debug|Any CPU
		{C23B803F-7BD1-4865-BC6F-B6C6D17C82A3}.Debug|Any CPU.Build.0 = Debug|Any CPU
		{C23B803F-7BD1-4865-BC6F-B6C6D17C82A3}.Release|Any CPU.ActiveCfg = Release|Any CPU
		{C23B803F-7BD1-4865-BC6F-B6C6D17C82A3}.Release|Any CPU.Build.0 = Release|Any CPU
	EndGlobalSection
	GlobalSection(SolutionProperties) = preSolution
		HideSolutionNode = FALSE
	EndGlobalSection
	GlobalSection(ExtensibilityGlobals) = postSolution
		SolutionGuid = {A84AACBA-0FE6-411C-93AB-D55AB952ABCA}
	EndGlobalSection
EndGlobal
