
Microsoft Visual Studio Solution File, Format Version 12.00
# Visual Studio Version 16
VisualStudioVersion = 16.0.29418.71
MinimumVisualStudioVersion = 10.0.40219.1
Project("{FAE04EC0-301F-11D3-BF4B-00C04F79EFBC}") = "PlayersAndMonsters", "PlayersAndMonsters\PlayersAndMonsters.csproj", "{F799CB35-EDDB-425A-A2FA-9F7528911F9E}"
EndProject
Global
	GlobalSection(SolutionConfigurationPlatforms) = preSolution
		Debug|Any CPU = Debug|Any CPU
		Release|Any CPU = Release|Any CPU
	EndGlobalSection
	GlobalSection(ProjectConfigurationPlatforms) = postSolution
		{F799CB35-EDDB-425A-A2FA-9F7528911F9E}.Debug|Any CPU.ActiveCfg = Debug|Any CPU
		{F799CB35-EDDB-425A-A2FA-9F7528911F9E}.Debug|Any CPU.Build.0 = Debug|Any CPU
		{F799CB35-EDDB-425A-A2FA-9F7528911F9E}.Release|Any CPU.ActiveCfg = Release|Any CPU
		{F799CB35-EDDB-425A-A2FA-9F7528911F9E}.Release|Any CPU.Build.0 = Release|Any CPU
	EndGlobalSection
	GlobalSection(SolutionProperties) = preSolution
		HideSolutionNode = FALSE
	EndGlobalSection
	GlobalSection(ExtensibilityGlobals) = postSolution
		SolutionGuid = {0FE8F8E1-3372-493D-9287-C32C69F35913}
	EndGlobalSection
EndGlobal
