
Microsoft Visual Studio Solution File, Format Version 12.00
# Visual Studio Version 16
VisualStudioVersion = 16.0.30204.135
MinimumVisualStudioVersion = 10.0.40219.1
Project("{FAE04EC0-301F-11D3-BF4B-00C04F79EFBC}") = "06. Remove Villain", "06. Remove Villain\06. Remove Villain.csproj", "{ED7ACB08-743F-4246-B3BE-7B5EC244A51C}"
EndProject
Global
	GlobalSection(SolutionConfigurationPlatforms) = preSolution
		Debug|Any CPU = Debug|Any CPU
		Release|Any CPU = Release|Any CPU
	EndGlobalSection
	GlobalSection(ProjectConfigurationPlatforms) = postSolution
		{ED7ACB08-743F-4246-B3BE-7B5EC244A51C}.Debug|Any CPU.ActiveCfg = Debug|Any CPU
		{ED7ACB08-743F-4246-B3BE-7B5EC244A51C}.Debug|Any CPU.Build.0 = Debug|Any CPU
		{ED7ACB08-743F-4246-B3BE-7B5EC244A51C}.Release|Any CPU.ActiveCfg = Release|Any CPU
		{ED7ACB08-743F-4246-B3BE-7B5EC244A51C}.Release|Any CPU.Build.0 = Release|Any CPU
	EndGlobalSection
	GlobalSection(SolutionProperties) = preSolution
		HideSolutionNode = FALSE
	EndGlobalSection
	GlobalSection(ExtensibilityGlobals) = postSolution
		SolutionGuid = {714542B2-0F9D-4411-AA48-9B9C0668079F}
	EndGlobalSection
EndGlobal
