
Microsoft Visual Studio Solution File, Format Version 12.00
# Visual Studio Version 16
VisualStudioVersion = 16.0.28922.388
MinimumVisualStudioVersion = 10.0.40219.1
Project("{FAE04EC0-301F-11D3-BF4B-00C04F79EFBC}") = "09. List of Predicates", "09. List of Predicates.csproj", "{718BE8B9-3FE6-45E7-BA2E-7A50BB3C771E}"
EndProject
Global
	GlobalSection(SolutionConfigurationPlatforms) = preSolution
		Debug|Any CPU = Debug|Any CPU
		Release|Any CPU = Release|Any CPU
	EndGlobalSection
	GlobalSection(ProjectConfigurationPlatforms) = postSolution
		{718BE8B9-3FE6-45E7-BA2E-7A50BB3C771E}.Debug|Any CPU.ActiveCfg = Debug|Any CPU
		{718BE8B9-3FE6-45E7-BA2E-7A50BB3C771E}.Debug|Any CPU.Build.0 = Debug|Any CPU
		{718BE8B9-3FE6-45E7-BA2E-7A50BB3C771E}.Release|Any CPU.ActiveCfg = Release|Any CPU
		{718BE8B9-3FE6-45E7-BA2E-7A50BB3C771E}.Release|Any CPU.Build.0 = Release|Any CPU
	EndGlobalSection
	GlobalSection(SolutionProperties) = preSolution
		HideSolutionNode = FALSE
	EndGlobalSection
	GlobalSection(ExtensibilityGlobals) = postSolution
		SolutionGuid = {300108DD-4EED-4F41-8928-6A2292AE2C56}
	EndGlobalSection
EndGlobal
