
Microsoft Visual Studio Solution File, Format Version 12.00
# Visual Studio Version 16
VisualStudioVersion = 16.0.28922.388
MinimumVisualStudioVersion = 10.0.40219.1
Project("{FAE04EC0-301F-11D3-BF4B-00C04F79EFBC}") = "01. Actual Point", "01. Actual Point.csproj", "{95266305-367C-4F45-9A58-F8E0A3F423ED}"
EndProject
Global
	GlobalSection(SolutionConfigurationPlatforms) = preSolution
		Debug|Any CPU = Debug|Any CPU
		Release|Any CPU = Release|Any CPU
	EndGlobalSection
	GlobalSection(ProjectConfigurationPlatforms) = postSolution
		{95266305-367C-4F45-9A58-F8E0A3F423ED}.Debug|Any CPU.ActiveCfg = Debug|Any CPU
		{95266305-367C-4F45-9A58-F8E0A3F423ED}.Debug|Any CPU.Build.0 = Debug|Any CPU
		{95266305-367C-4F45-9A58-F8E0A3F423ED}.Release|Any CPU.ActiveCfg = Release|Any CPU
		{95266305-367C-4F45-9A58-F8E0A3F423ED}.Release|Any CPU.Build.0 = Release|Any CPU
	EndGlobalSection
	GlobalSection(SolutionProperties) = preSolution
		HideSolutionNode = FALSE
	EndGlobalSection
	GlobalSection(ExtensibilityGlobals) = postSolution
		SolutionGuid = {6C240EE8-C425-4A62-AEE7-72F5D692A2B8}
	EndGlobalSection
EndGlobal
