
Microsoft Visual Studio Solution File, Format Version 12.00
# Visual Studio Version 16
VisualStudioVersion = 16.0.28922.388
MinimumVisualStudioVersion = 10.0.40219.1
Project("{FAE04EC0-301F-11D3-BF4B-00C04F79EFBC}") = "01. Define a Class Person", "01. Define a Class Person.csproj", "{598A1AD9-74B3-4879-A978-31A65F02910F}"
EndProject
Global
	GlobalSection(SolutionConfigurationPlatforms) = preSolution
		Debug|Any CPU = Debug|Any CPU
		Release|Any CPU = Release|Any CPU
	EndGlobalSection
	GlobalSection(ProjectConfigurationPlatforms) = postSolution
		{598A1AD9-74B3-4879-A978-31A65F02910F}.Debug|Any CPU.ActiveCfg = Debug|Any CPU
		{598A1AD9-74B3-4879-A978-31A65F02910F}.Debug|Any CPU.Build.0 = Debug|Any CPU
		{598A1AD9-74B3-4879-A978-31A65F02910F}.Release|Any CPU.ActiveCfg = Release|Any CPU
		{598A1AD9-74B3-4879-A978-31A65F02910F}.Release|Any CPU.Build.0 = Release|Any CPU
	EndGlobalSection
	GlobalSection(SolutionProperties) = preSolution
		HideSolutionNode = FALSE
	EndGlobalSection
	GlobalSection(ExtensibilityGlobals) = postSolution
		SolutionGuid = {F2BF54ED-AEDA-496E-A9A3-C676E81A7AEC}
	EndGlobalSection
EndGlobal
