
Microsoft Visual Studio Solution File, Format Version 12.00
# Visual Studio Version 16
VisualStudioVersion = 16.0.28922.388
MinimumVisualStudioVersion = 10.0.40219.1
Project("{FAE04EC0-301F-11D3-BF4B-00C04F79EFBC}") = "Hello France", "Hello France\Hello France.csproj", "{DA93EEB4-C463-43CF-B4BD-0561BDFC8EC9}"
EndProject
Global
	GlobalSection(SolutionConfigurationPlatforms) = preSolution
		Debug|Any CPU = Debug|Any CPU
		Release|Any CPU = Release|Any CPU
	EndGlobalSection
	GlobalSection(ProjectConfigurationPlatforms) = postSolution
		{DA93EEB4-C463-43CF-B4BD-0561BDFC8EC9}.Debug|Any CPU.ActiveCfg = Debug|Any CPU
		{DA93EEB4-C463-43CF-B4BD-0561BDFC8EC9}.Debug|Any CPU.Build.0 = Debug|Any CPU
		{DA93EEB4-C463-43CF-B4BD-0561BDFC8EC9}.Release|Any CPU.ActiveCfg = Release|Any CPU
		{DA93EEB4-C463-43CF-B4BD-0561BDFC8EC9}.Release|Any CPU.Build.0 = Release|Any CPU
	EndGlobalSection
	GlobalSection(SolutionProperties) = preSolution
		HideSolutionNode = FALSE
	EndGlobalSection
	GlobalSection(ExtensibilityGlobals) = postSolution
		SolutionGuid = {455286AA-C0AB-4F86-9134-0A18CE3BD3F3}
	EndGlobalSection
EndGlobal
