
Microsoft Visual Studio Solution File, Format Version 12.00
# Visual Studio Version 16
VisualStudioVersion = 16.0.30204.135
MinimumVisualStudioVersion = 10.0.40219.1
Project("{FAE04EC0-301F-11D3-BF4B-00C04F79EFBC}") = "09. Increase Age Stored Proc", "09. Increase Age Stored Proc\09. Increase Age Stored Proc.csproj", "{D9509317-F050-4CCD-8630-7E2C47DC9809}"
EndProject
Global
	GlobalSection(SolutionConfigurationPlatforms) = preSolution
		Debug|Any CPU = Debug|Any CPU
		Release|Any CPU = Release|Any CPU
	EndGlobalSection
	GlobalSection(ProjectConfigurationPlatforms) = postSolution
		{D9509317-F050-4CCD-8630-7E2C47DC9809}.Debug|Any CPU.ActiveCfg = Debug|Any CPU
		{D9509317-F050-4CCD-8630-7E2C47DC9809}.Debug|Any CPU.Build.0 = Debug|Any CPU
		{D9509317-F050-4CCD-8630-7E2C47DC9809}.Release|Any CPU.ActiveCfg = Release|Any CPU
		{D9509317-F050-4CCD-8630-7E2C47DC9809}.Release|Any CPU.Build.0 = Release|Any CPU
	EndGlobalSection
	GlobalSection(SolutionProperties) = preSolution
		HideSolutionNode = FALSE
	EndGlobalSection
	GlobalSection(ExtensibilityGlobals) = postSolution
		SolutionGuid = {B706E14E-1AC8-4E9F-B3E6-04A83320C788}
	EndGlobalSection
EndGlobal
