
Microsoft Visual Studio Solution File, Format Version 12.00
# Visual Studio Version 16
VisualStudioVersion = 16.0.28922.388
MinimumVisualStudioVersion = 10.0.40219.1
Project("{FAE04EC0-301F-11D3-BF4B-00C04F79EFBC}") = "Final Exam - Activation Keys", "Final Exam - Activation Keys\Final Exam - Activation Keys.csproj", "{5840084E-58DC-40D3-A85A-3AF9EDE2594D}"
EndProject
Global
	GlobalSection(SolutionConfigurationPlatforms) = preSolution
		Debug|Any CPU = Debug|Any CPU
		Release|Any CPU = Release|Any CPU
	EndGlobalSection
	GlobalSection(ProjectConfigurationPlatforms) = postSolution
		{5840084E-58DC-40D3-A85A-3AF9EDE2594D}.Debug|Any CPU.ActiveCfg = Debug|Any CPU
		{5840084E-58DC-40D3-A85A-3AF9EDE2594D}.Debug|Any CPU.Build.0 = Debug|Any CPU
		{5840084E-58DC-40D3-A85A-3AF9EDE2594D}.Release|Any CPU.ActiveCfg = Release|Any CPU
		{5840084E-58DC-40D3-A85A-3AF9EDE2594D}.Release|Any CPU.Build.0 = Release|Any CPU
	EndGlobalSection
	GlobalSection(SolutionProperties) = preSolution
		HideSolutionNode = FALSE
	EndGlobalSection
	GlobalSection(ExtensibilityGlobals) = postSolution
		SolutionGuid = {3D549E76-CBB7-437F-B5AE-682A5B9B80FD}
	EndGlobalSection
EndGlobal
