
Microsoft Visual Studio Solution File, Format Version 12.00
# Visual Studio Version 16
VisualStudioVersion = 16.0.30621.155
MinimumVisualStudioVersion = 10.0.40219.1
Project("{FAE04EC0-301F-11D3-BF4B-00C04F79EFBC}") = "ArraySum", "ArraySum\ArraySum.csproj", "{DF5D9CA7-2B65-4736-8072-0DDAF1AB377D}"
EndProject
Project("{FAE04EC0-301F-11D3-BF4B-00C04F79EFBC}") = "RecursiveFactorial", "RecursiveFactorial\RecursiveFactorial.csproj", "{EB9553AF-193D-4E27-93E9-6DBF3CB43598}"
EndProject
Global
	GlobalSection(SolutionConfigurationPlatforms) = preSolution
		Debug|Any CPU = Debug|Any CPU
		Release|Any CPU = Release|Any CPU
	EndGlobalSection
	GlobalSection(ProjectConfigurationPlatforms) = postSolution
		{DF5D9CA7-2B65-4736-8072-0DDAF1AB377D}.Debug|Any CPU.ActiveCfg = Debug|Any CPU
		{DF5D9CA7-2B65-4736-8072-0DDAF1AB377D}.Debug|Any CPU.Build.0 = Debug|Any CPU
		{DF5D9CA7-2B65-4736-8072-0DDAF1AB377D}.Release|Any CPU.ActiveCfg = Release|Any CPU
		{DF5D9CA7-2B65-4736-8072-0DDAF1AB377D}.Release|Any CPU.Build.0 = Release|Any CPU
		{EB9553AF-193D-4E27-93E9-6DBF3CB43598}.Debug|Any CPU.ActiveCfg = Debug|Any CPU
		{EB9553AF-193D-4E27-93E9-6DBF3CB43598}.Debug|Any CPU.Build.0 = Debug|Any CPU
		{EB9553AF-193D-4E27-93E9-6DBF3CB43598}.Release|Any CPU.ActiveCfg = Release|Any CPU
		{EB9553AF-193D-4E27-93E9-6DBF3CB43598}.Release|Any CPU.Build.0 = Release|Any CPU
	EndGlobalSection
	GlobalSection(SolutionProperties) = preSolution
		HideSolutionNode = FALSE
	EndGlobalSection
	GlobalSection(ExtensibilityGlobals) = postSolution
		SolutionGuid = {88CA87F5-3889-41BB-ACDB-27DBA6965D04}
	EndGlobalSection
EndGlobal
