
Microsoft Visual Studio Solution File, Format Version 12.00
# Visual Studio Version 16
VisualStudioVersion = 16.0.28922.388
MinimumVisualStudioVersion = 10.0.40219.1
Project("{FAE04EC0-301F-11D3-BF4B-00C04F79EFBC}") = "07. Knight Game", "07. Knight Game\07. Knight Game.csproj", "{B113D2C4-A6DF-4CCE-9777-C2F41F54654B}"
EndProject
Global
	GlobalSection(SolutionConfigurationPlatforms) = preSolution
		Debug|Any CPU = Debug|Any CPU
		Release|Any CPU = Release|Any CPU
	EndGlobalSection
	GlobalSection(ProjectConfigurationPlatforms) = postSolution
		{B113D2C4-A6DF-4CCE-9777-C2F41F54654B}.Debug|Any CPU.ActiveCfg = Debug|Any CPU
		{B113D2C4-A6DF-4CCE-9777-C2F41F54654B}.Debug|Any CPU.Build.0 = Debug|Any CPU
		{B113D2C4-A6DF-4CCE-9777-C2F41F54654B}.Release|Any CPU.ActiveCfg = Release|Any CPU
		{B113D2C4-A6DF-4CCE-9777-C2F41F54654B}.Release|Any CPU.Build.0 = Release|Any CPU
	EndGlobalSection
	GlobalSection(SolutionProperties) = preSolution
		HideSolutionNode = FALSE
	EndGlobalSection
	GlobalSection(ExtensibilityGlobals) = postSolution
		SolutionGuid = {7607F19A-3C60-4439-A2C8-832F7353B33E}
	EndGlobalSection
EndGlobal
