
Microsoft Visual Studio Solution File, Format Version 12.00
# Visual Studio Version 16
VisualStudioVersion = 16.0.28922.388
MinimumVisualStudioVersion = 10.0.40219.1
Project("{FAE04EC0-301F-11D3-BF4B-00C04F79EFBC}") = "Easter Gifts", "Easter Gifts\Easter Gifts.csproj", "{142D0CBD-266F-455A-B476-C2306BCC4EBF}"
EndProject
Global
	GlobalSection(SolutionConfigurationPlatforms) = preSolution
		Debug|Any CPU = Debug|Any CPU
		Release|Any CPU = Release|Any CPU
	EndGlobalSection
	GlobalSection(ProjectConfigurationPlatforms) = postSolution
		{142D0CBD-266F-455A-B476-C2306BCC4EBF}.Debug|Any CPU.ActiveCfg = Debug|Any CPU
		{142D0CBD-266F-455A-B476-C2306BCC4EBF}.Debug|Any CPU.Build.0 = Debug|Any CPU
		{142D0CBD-266F-455A-B476-C2306BCC4EBF}.Release|Any CPU.ActiveCfg = Release|Any CPU
		{142D0CBD-266F-455A-B476-C2306BCC4EBF}.Release|Any CPU.Build.0 = Release|Any CPU
	EndGlobalSection
	GlobalSection(SolutionProperties) = preSolution
		HideSolutionNode = FALSE
	EndGlobalSection
	GlobalSection(ExtensibilityGlobals) = postSolution
		SolutionGuid = {7B07D4D2-C720-46D2-BD73-0071BC88BFCC}
	EndGlobalSection
EndGlobal
