
Microsoft Visual Studio Solution File, Format Version 12.00
# Visual Studio Version 16
VisualStudioVersion = 16.0.30204.135
MinimumVisualStudioVersion = 10.0.40219.1
Project("{FAE04EC0-301F-11D3-BF4B-00C04F79EFBC}") = "MiniORMCore", "MiniORMCore\MiniORMCore.csproj", "{221027B2-65BD-4E7F-AFE0-091A44D24E1A}"
EndProject
Global
	GlobalSection(SolutionConfigurationPlatforms) = preSolution
		Debug|Any CPU = Debug|Any CPU
		Release|Any CPU = Release|Any CPU
	EndGlobalSection
	GlobalSection(ProjectConfigurationPlatforms) = postSolution
		{221027B2-65BD-4E7F-AFE0-091A44D24E1A}.Debug|Any CPU.ActiveCfg = Debug|Any CPU
		{221027B2-65BD-4E7F-AFE0-091A44D24E1A}.Debug|Any CPU.Build.0 = Debug|Any CPU
		{221027B2-65BD-4E7F-AFE0-091A44D24E1A}.Release|Any CPU.ActiveCfg = Release|Any CPU
		{221027B2-65BD-4E7F-AFE0-091A44D24E1A}.Release|Any CPU.Build.0 = Release|Any CPU
	EndGlobalSection
	GlobalSection(SolutionProperties) = preSolution
		HideSolutionNode = FALSE
	EndGlobalSection
	GlobalSection(ExtensibilityGlobals) = postSolution
		SolutionGuid = {46A04324-3124-45AA-8BDD-FFE355363060}
	EndGlobalSection
EndGlobal
