
Microsoft Visual Studio Solution File, Format Version 12.00
# Visual Studio Version 16
VisualStudioVersion = 16.0.28922.388
MinimumVisualStudioVersion = 10.0.40219.1
Project("{FAE04EC0-301F-11D3-BF4B-00C04F79EFBC}") = "03. Periodic Table", "03. Periodic Table.csproj", "{2102E7E9-4E2B-4DB4-989F-94D683D1D2AE}"
EndProject
Global
	GlobalSection(SolutionConfigurationPlatforms) = preSolution
		Debug|Any CPU = Debug|Any CPU
		Release|Any CPU = Release|Any CPU
	EndGlobalSection
	GlobalSection(ProjectConfigurationPlatforms) = postSolution
		{2102E7E9-4E2B-4DB4-989F-94D683D1D2AE}.Debug|Any CPU.ActiveCfg = Debug|Any CPU
		{2102E7E9-4E2B-4DB4-989F-94D683D1D2AE}.Debug|Any CPU.Build.0 = Debug|Any CPU
		{2102E7E9-4E2B-4DB4-989F-94D683D1D2AE}.Release|Any CPU.ActiveCfg = Release|Any CPU
		{2102E7E9-4E2B-4DB4-989F-94D683D1D2AE}.Release|Any CPU.Build.0 = Release|Any CPU
	EndGlobalSection
	GlobalSection(SolutionProperties) = preSolution
		HideSolutionNode = FALSE
	EndGlobalSection
	GlobalSection(ExtensibilityGlobals) = postSolution
		SolutionGuid = {27021CBB-9727-42AC-BB7C-C5D58EA91C59}
	EndGlobalSection
EndGlobal
