
Microsoft Visual Studio Solution File, Format Version 12.00
# Visual Studio Version 16
VisualStudioVersion = 16.0.28922.388
MinimumVisualStudioVersion = 10.0.40219.1
Project("{FAE04EC0-301F-11D3-BF4B-00C04F79EFBC}") = "Emoji Sumator", "Emoji Sumator\Emoji Sumator.csproj", "{5B2443E9-A5F6-4C17-A4C1-A9C62254BF5B}"
EndProject
Global
	GlobalSection(SolutionConfigurationPlatforms) = preSolution
		Debug|Any CPU = Debug|Any CPU
		Release|Any CPU = Release|Any CPU
	EndGlobalSection
	GlobalSection(ProjectConfigurationPlatforms) = postSolution
		{5B2443E9-A5F6-4C17-A4C1-A9C62254BF5B}.Debug|Any CPU.ActiveCfg = Debug|Any CPU
		{5B2443E9-A5F6-4C17-A4C1-A9C62254BF5B}.Debug|Any CPU.Build.0 = Debug|Any CPU
		{5B2443E9-A5F6-4C17-A4C1-A9C62254BF5B}.Release|Any CPU.ActiveCfg = Release|Any CPU
		{5B2443E9-A5F6-4C17-A4C1-A9C62254BF5B}.Release|Any CPU.Build.0 = Release|Any CPU
	EndGlobalSection
	GlobalSection(SolutionProperties) = preSolution
		HideSolutionNode = FALSE
	EndGlobalSection
	GlobalSection(ExtensibilityGlobals) = postSolution
		SolutionGuid = {E6974E82-0D79-4D15-9F2C-25BF4DE07816}
	EndGlobalSection
EndGlobal
