
Microsoft Visual Studio Solution File, Format Version 12.00
# Visual Studio Version 16
VisualStudioVersion = 16.0.29418.71
MinimumVisualStudioVersion = 10.0.40219.1
Project("{FAE04EC0-301F-11D3-BF4B-00C04F79EFBC}") = "HelensAbduction", "HelensAbduction\HelensAbduction.csproj", "{AD0094FE-02EA-4430-BEBA-7B495A76C1E8}"
EndProject
Global
	GlobalSection(SolutionConfigurationPlatforms) = preSolution
		Debug|Any CPU = Debug|Any CPU
		Release|Any CPU = Release|Any CPU
	EndGlobalSection
	GlobalSection(ProjectConfigurationPlatforms) = postSolution
		{AD0094FE-02EA-4430-BEBA-7B495A76C1E8}.Debug|Any CPU.ActiveCfg = Debug|Any CPU
		{AD0094FE-02EA-4430-BEBA-7B495A76C1E8}.Debug|Any CPU.Build.0 = Debug|Any CPU
		{AD0094FE-02EA-4430-BEBA-7B495A76C1E8}.Release|Any CPU.ActiveCfg = Release|Any CPU
		{AD0094FE-02EA-4430-BEBA-7B495A76C1E8}.Release|Any CPU.Build.0 = Release|Any CPU
	EndGlobalSection
	GlobalSection(SolutionProperties) = preSolution
		HideSolutionNode = FALSE
	EndGlobalSection
	GlobalSection(ExtensibilityGlobals) = postSolution
		SolutionGuid = {1A78FB18-0B4C-4836-A2EC-485AB05FA239}
	EndGlobalSection
EndGlobal
