
Microsoft Visual Studio Solution File, Format Version 12.00
# Visual Studio Version 16
VisualStudioVersion = 16.0.28922.388
MinimumVisualStudioVersion = 10.0.40219.1
Project("{FAE04EC0-301F-11D3-BF4B-00C04F79EFBC}") = "04. Copy Binary File", "04. Copy Binary File.csproj", "{5C4F89AE-CD50-43C8-97AF-574065BC4157}"
EndProject
Global
	GlobalSection(SolutionConfigurationPlatforms) = preSolution
		Debug|Any CPU = Debug|Any CPU
		Release|Any CPU = Release|Any CPU
	EndGlobalSection
	GlobalSection(ProjectConfigurationPlatforms) = postSolution
		{5C4F89AE-CD50-43C8-97AF-574065BC4157}.Debug|Any CPU.ActiveCfg = Debug|Any CPU
		{5C4F89AE-CD50-43C8-97AF-574065BC4157}.Debug|Any CPU.Build.0 = Debug|Any CPU
		{5C4F89AE-CD50-43C8-97AF-574065BC4157}.Release|Any CPU.ActiveCfg = Release|Any CPU
		{5C4F89AE-CD50-43C8-97AF-574065BC4157}.Release|Any CPU.Build.0 = Release|Any CPU
	EndGlobalSection
	GlobalSection(SolutionProperties) = preSolution
		HideSolutionNode = FALSE
	EndGlobalSection
	GlobalSection(ExtensibilityGlobals) = postSolution
		SolutionGuid = {78A4F022-659C-4788-B57F-B5CD155CA9E8}
	EndGlobalSection
EndGlobal
