
Microsoft Visual Studio Solution File, Format Version 12.00
# Visual Studio Version 16
VisualStudioVersion = 16.0.28922.388
MinimumVisualStudioVersion = 10.0.40219.1
Project("{FAE04EC0-301F-11D3-BF4B-00C04F79EFBC}") = "11. The Party Reservation Filter", "11. The Party Reservation Filter.csproj", "{0BF0A4AE-E8C0-422E-8774-0A151C7319F1}"
EndProject
Global
	GlobalSection(SolutionConfigurationPlatforms) = preSolution
		Debug|Any CPU = Debug|Any CPU
		Release|Any CPU = Release|Any CPU
	EndGlobalSection
	GlobalSection(ProjectConfigurationPlatforms) = postSolution
		{0BF0A4AE-E8C0-422E-8774-0A151C7319F1}.Debug|Any CPU.ActiveCfg = Debug|Any CPU
		{0BF0A4AE-E8C0-422E-8774-0A151C7319F1}.Debug|Any CPU.Build.0 = Debug|Any CPU
		{0BF0A4AE-E8C0-422E-8774-0A151C7319F1}.Release|Any CPU.ActiveCfg = Release|Any CPU
		{0BF0A4AE-E8C0-422E-8774-0A151C7319F1}.Release|Any CPU.Build.0 = Release|Any CPU
	EndGlobalSection
	GlobalSection(SolutionProperties) = preSolution
		HideSolutionNode = FALSE
	EndGlobalSection
	GlobalSection(ExtensibilityGlobals) = postSolution
		SolutionGuid = {6035016E-F2D1-4F8A-88F6-B9BA40B26948}
	EndGlobalSection
EndGlobal
