
Microsoft Visual Studio Solution File, Format Version 12.00
# Visual Studio Version 16
VisualStudioVersion = 16.0.28922.388
MinimumVisualStudioVersion = 10.0.40219.1
Project("{FAE04EC0-301F-11D3-BF4B-00C04F79EFBC}") = "06. Reverse And Exclude", "06. Reverse And Exclude.csproj", "{03D2FB4D-778F-4200-9DD8-7076567B6F7C}"
EndProject
Global
	GlobalSection(SolutionConfigurationPlatforms) = preSolution
		Debug|Any CPU = Debug|Any CPU
		Release|Any CPU = Release|Any CPU
	EndGlobalSection
	GlobalSection(ProjectConfigurationPlatforms) = postSolution
		{03D2FB4D-778F-4200-9DD8-7076567B6F7C}.Debug|Any CPU.ActiveCfg = Debug|Any CPU
		{03D2FB4D-778F-4200-9DD8-7076567B6F7C}.Debug|Any CPU.Build.0 = Debug|Any CPU
		{03D2FB4D-778F-4200-9DD8-7076567B6F7C}.Release|Any CPU.ActiveCfg = Release|Any CPU
		{03D2FB4D-778F-4200-9DD8-7076567B6F7C}.Release|Any CPU.Build.0 = Release|Any CPU
	EndGlobalSection
	GlobalSection(SolutionProperties) = preSolution
		HideSolutionNode = FALSE
	EndGlobalSection
	GlobalSection(ExtensibilityGlobals) = postSolution
		SolutionGuid = {414D689B-C8A2-49E2-A971-3334AA8BCF77}
	EndGlobalSection
EndGlobal
