
Microsoft Visual Studio Solution File, Format Version 12.00
# Visual Studio Version 16
VisualStudioVersion = 16.0.29418.71
MinimumVisualStudioVersion = 10.0.40219.1
Project("{FAE04EC0-301F-11D3-BF4B-00C04F79EFBC}") = "ClassBoxData", "ClassBoxData\ClassBoxData.csproj", "{44B8A8E9-1AA3-4123-9A92-ED517BD68279}"
EndProject
Global
	GlobalSection(SolutionConfigurationPlatforms) = preSolution
		Debug|Any CPU = Debug|Any CPU
		Release|Any CPU = Release|Any CPU
	EndGlobalSection
	GlobalSection(ProjectConfigurationPlatforms) = postSolution
		{44B8A8E9-1AA3-4123-9A92-ED517BD68279}.Debug|Any CPU.ActiveCfg = Debug|Any CPU
		{44B8A8E9-1AA3-4123-9A92-ED517BD68279}.Debug|Any CPU.Build.0 = Debug|Any CPU
		{44B8A8E9-1AA3-4123-9A92-ED517BD68279}.Release|Any CPU.ActiveCfg = Release|Any CPU
		{44B8A8E9-1AA3-4123-9A92-ED517BD68279}.Release|Any CPU.Build.0 = Release|Any CPU
	EndGlobalSection
	GlobalSection(SolutionProperties) = preSolution
		HideSolutionNode = FALSE
	EndGlobalSection
	GlobalSection(ExtensibilityGlobals) = postSolution
		SolutionGuid = {4008C8A2-CCEA-4D30-A282-14F0D9713A98}
	EndGlobalSection
EndGlobal
