
Microsoft Visual Studio Solution File, Format Version 12.00
# Visual Studio Version 16
VisualStudioVersion = 16.0.30225.117
MinimumVisualStudioVersion = 10.0.40219.1
Project("{FAE04EC0-301F-11D3-BF4B-00C04F79EFBC}") = "MyCoolCarSystem", "MyCoolCarSystem.csproj", "{59BC3842-6333-40FF-BADD-E45AD877608A}"
EndProject
Global
	GlobalSection(SolutionConfigurationPlatforms) = preSolution
		Debug|Any CPU = Debug|Any CPU
		Release|Any CPU = Release|Any CPU
	EndGlobalSection
	GlobalSection(ProjectConfigurationPlatforms) = postSolution
		{59BC3842-6333-40FF-BADD-E45AD877608A}.Debug|Any CPU.ActiveCfg = Debug|Any CPU
		{59BC3842-6333-40FF-BADD-E45AD877608A}.Debug|Any CPU.Build.0 = Debug|Any CPU
		{59BC3842-6333-40FF-BADD-E45AD877608A}.Release|Any CPU.ActiveCfg = Release|Any CPU
		{59BC3842-6333-40FF-BADD-E45AD877608A}.Release|Any CPU.Build.0 = Release|Any CPU
	EndGlobalSection
	GlobalSection(SolutionProperties) = preSolution
		HideSolutionNode = FALSE
	EndGlobalSection
	GlobalSection(ExtensibilityGlobals) = postSolution
		SolutionGuid = {D9FA2476-B754-42AC-93A6-42DE584F4D24}
	EndGlobalSection
EndGlobal
