
Microsoft Visual Studio Solution File, Format Version 12.00
# Visual Studio Version 16
VisualStudioVersion = 16.0.28922.388
MinimumVisualStudioVersion = 10.0.40219.1
Project("{FAE04EC0-301F-11D3-BF4B-00C04F79EFBC}") = "Final Exam - Dictionary", "Final Exam - Dictionary\Final Exam - Dictionary.csproj", "{96BE2FAE-F6C2-4D91-895B-D99AFDAC8F6F}"
EndProject
Global
	GlobalSection(SolutionConfigurationPlatforms) = preSolution
		Debug|Any CPU = Debug|Any CPU
		Release|Any CPU = Release|Any CPU
	EndGlobalSection
	GlobalSection(ProjectConfigurationPlatforms) = postSolution
		{96BE2FAE-F6C2-4D91-895B-D99AFDAC8F6F}.Debug|Any CPU.ActiveCfg = Debug|Any CPU
		{96BE2FAE-F6C2-4D91-895B-D99AFDAC8F6F}.Debug|Any CPU.Build.0 = Debug|Any CPU
		{96BE2FAE-F6C2-4D91-895B-D99AFDAC8F6F}.Release|Any CPU.ActiveCfg = Release|Any CPU
		{96BE2FAE-F6C2-4D91-895B-D99AFDAC8F6F}.Release|Any CPU.Build.0 = Release|Any CPU
	EndGlobalSection
	GlobalSection(SolutionProperties) = preSolution
		HideSolutionNode = FALSE
	EndGlobalSection
	GlobalSection(ExtensibilityGlobals) = postSolution
		SolutionGuid = {3F0244EE-DBC5-43AD-9DCE-6A6E81B44011}
	EndGlobalSection
EndGlobal
